// !$*UTF8*$!
{
	archiveVersion = 1;
	classes = {
	};
	objectVersion = 48;
	objects = {

/* Begin PBXBuildFile section */
		5724C44F1FFA73A000BB0FD4 /* LaunchScreen.storyboard in Resources */ = {isa = PBXBuildFile; fileRef = 5724C44A1FFA73A000BB0FD4 /* LaunchScreen.storyboard */; };
		5724C4501FFA73A000BB0FD4 /* Main.storyboard in Resources */ = {isa = PBXBuildFile; fileRef = 5724C44C1FFA73A000BB0FD4 /* Main.storyboard */; };
		5724C4511FFA73A000BB0FD4 /* RemindersViewController.swift in Sources */ = {isa = PBXBuildFile; fileRef = 5724C44E1FFA73A000BB0FD4 /* RemindersViewController.swift */; };
		5724C4571FFA73B300BB0FD4 /* AppDelegate.swift in Sources */ = {isa = PBXBuildFile; fileRef = 5724C4531FFA73B300BB0FD4 /* AppDelegate.swift */; };
		5724C4581FFA73B300BB0FD4 /* Info.plist in Resources */ = {isa = PBXBuildFile; fileRef = 5724C4541FFA73B300BB0FD4 /* Info.plist */; };
		5724C4591FFA73B300BB0FD4 /* Assets.xcassets in Resources */ = {isa = PBXBuildFile; fileRef = 5724C4561FFA73B300BB0FD4 /* Assets.xcassets */; };
		5724C45C1FFA7C1300BB0FD4 /* ReminderView.xib in Resources */ = {isa = PBXBuildFile; fileRef = 5724C45B1FFA7C1300BB0FD4 /* ReminderView.xib */; };
		5724C45E1FFA7C2600BB0FD4 /* ReminderView.swift in Sources */ = {isa = PBXBuildFile; fileRef = 5724C45D1FFA7C2600BB0FD4 /* ReminderView.swift */; };
		572C03D61FFBB1B300D27846 /* UIView+utils.swift in Sources */ = {isa = PBXBuildFile; fileRef = 572C03D51FFBB1B300D27846 /* UIView+utils.swift */; };
		5745F5CB2026438100D1C9AE /* UIViewController+utils.swift in Sources */ = {isa = PBXBuildFile; fileRef = 5745F5CA2026438100D1C9AE /* UIViewController+utils.swift */; };
		5745F5CF20265B7100D1C9AE /* ChooseDateViewController.storyboard in Resources */ = {isa = PBXBuildFile; fileRef = 5745F5CD20265B7100D1C9AE /* ChooseDateViewController.storyboard */; };
		5745F5D020265B7100D1C9AE /* ChooseDateViewController.swift in Sources */ = {isa = PBXBuildFile; fileRef = 5745F5CE20265B7100D1C9AE /* ChooseDateViewController.swift */; };
		577BDEDF20263D33008EC3FC /* ChooseDayOfWeekViewController.swift in Sources */ = {isa = PBXBuildFile; fileRef = 577BDEDE20263D33008EC3FC /* ChooseDayOfWeekViewController.swift */; };
		577BDEE120263D42008EC3FC /* ChooseDayOfWeekViewController.storyboard in Resources */ = {isa = PBXBuildFile; fileRef = 577BDEE020263D42008EC3FC /* ChooseDayOfWeekViewController.storyboard */; };
		57B303C0201E3C6400DC40B6 /* RemindSettingsViewController.swift in Sources */ = {isa = PBXBuildFile; fileRef = 57B303BF201E3C6400DC40B6 /* RemindSettingsViewController.swift */; };
		57B303C2201E3CB400DC40B6 /* RemindSettingsViewController.storyboard in Resources */ = {isa = PBXBuildFile; fileRef = 57B303C1201E3CB400DC40B6 /* RemindSettingsViewController.storyboard */; };
		57B7D00E200B74E000DEA24A /* CreateReminderViewController.swift in Sources */ = {isa = PBXBuildFile; fileRef = 57B7D00D200B74E000DEA24A /* CreateReminderViewController.swift */; };
		57B7D010200B758500DEA24A /* CreateReminderViewController.storyboard in Resources */ = {isa = PBXBuildFile; fileRef = 57B7D00F200B758500DEA24A /* CreateReminderViewController.storyboard */; };
		57BEDB4C200B9497008D11AC /* CreateReminderViewModel.swift in Sources */ = {isa = PBXBuildFile; fileRef = 57BEDB4B200B9497008D11AC /* CreateReminderViewModel.swift */; };
		57BEDB4E200B9549008D11AC /* CreateReminderViewModelProtocol.swift in Sources */ = {isa = PBXBuildFile; fileRef = 57BEDB4D200B9549008D11AC /* CreateReminderViewModelProtocol.swift */; };
/* End PBXBuildFile section */

/* Begin PBXFileReference section */
		5724C41B1FFA71C200BB0FD4 /* RemindMe.app */ = {isa = PBXFileReference; explicitFileType = wrapper.application; includeInIndex = 0; path = RemindMe.app; sourceTree = BUILT_PRODUCTS_DIR; };
		5724C44B1FFA73A000BB0FD4 /* Base */ = {isa = PBXFileReference; lastKnownFileType = file.storyboard; name = Base; path = Base.lproj/LaunchScreen.storyboard; sourceTree = "<group>"; };
		5724C44D1FFA73A000BB0FD4 /* Base */ = {isa = PBXFileReference; lastKnownFileType = file.storyboard; name = Base; path = Base.lproj/Main.storyboard; sourceTree = "<group>"; };
		5724C44E1FFA73A000BB0FD4 /* RemindersViewController.swift */ = {isa = PBXFileReference; fileEncoding = 4; lastKnownFileType = sourcecode.swift; path = RemindersViewController.swift; sourceTree = "<group>"; };
		5724C4531FFA73B300BB0FD4 /* AppDelegate.swift */ = {isa = PBXFileReference; fileEncoding = 4; lastKnownFileType = sourcecode.swift; path = AppDelegate.swift; sourceTree = "<group>"; };
		5724C4541FFA73B300BB0FD4 /* Info.plist */ = {isa = PBXFileReference; fileEncoding = 4; lastKnownFileType = text.plist.xml; path = Info.plist; sourceTree = "<group>"; };
		5724C4561FFA73B300BB0FD4 /* Assets.xcassets */ = {isa = PBXFileReference; lastKnownFileType = folder.assetcatalog; path = Assets.xcassets; sourceTree = "<group>"; };
		5724C45B1FFA7C1300BB0FD4 /* ReminderView.xib */ = {isa = PBXFileReference; lastKnownFileType = file.xib; path = ReminderView.xib; sourceTree = "<group>"; };
		5724C45D1FFA7C2600BB0FD4 /* ReminderView.swift */ = {isa = PBXFileReference; lastKnownFileType = sourcecode.swift; path = ReminderView.swift; sourceTree = "<group>"; };
		572C03D51FFBB1B300D27846 /* UIView+utils.swift */ = {isa = PBXFileReference; lastKnownFileType = sourcecode.swift; path = "UIView+utils.swift"; sourceTree = "<group>"; };
		5745F5CA2026438100D1C9AE /* UIViewController+utils.swift */ = {isa = PBXFileReference; lastKnownFileType = sourcecode.swift; path = "UIViewController+utils.swift"; sourceTree = "<group>"; };
		5745F5CD20265B7100D1C9AE /* ChooseDateViewController.storyboard */ = {isa = PBXFileReference; fileEncoding = 4; lastKnownFileType = file.storyboard; path = ChooseDateViewController.storyboard; sourceTree = "<group>"; };
		5745F5CE20265B7100D1C9AE /* ChooseDateViewController.swift */ = {isa = PBXFileReference; fileEncoding = 4; lastKnownFileType = sourcecode.swift; path = ChooseDateViewController.swift; sourceTree = "<group>"; };
		577BDEDE20263D33008EC3FC /* ChooseDayOfWeekViewController.swift */ = {isa = PBXFileReference; lastKnownFileType = sourcecode.swift; path = ChooseDayOfWeekViewController.swift; sourceTree = "<group>"; };
		577BDEE020263D42008EC3FC /* ChooseDayOfWeekViewController.storyboard */ = {isa = PBXFileReference; lastKnownFileType = file.storyboard; path = ChooseDayOfWeekViewController.storyboard; sourceTree = "<group>"; };
		57B303BF201E3C6400DC40B6 /* RemindSettingsViewController.swift */ = {isa = PBXFileReference; lastKnownFileType = sourcecode.swift; path = RemindSettingsViewController.swift; sourceTree = "<group>"; };
		57B303C1201E3CB400DC40B6 /* RemindSettingsViewController.storyboard */ = {isa = PBXFileReference; lastKnownFileType = file.storyboard; path = RemindSettingsViewController.storyboard; sourceTree = "<group>"; };
		57B7D00D200B74E000DEA24A /* CreateReminderViewController.swift */ = {isa = PBXFileReference; lastKnownFileType = sourcecode.swift; path = CreateReminderViewController.swift; sourceTree = "<group>"; };
		57B7D00F200B758500DEA24A /* CreateReminderViewController.storyboard */ = {isa = PBXFileReference; lastKnownFileType = file.storyboard; path = CreateReminderViewController.storyboard; sourceTree = "<group>"; };
		57BEDB4B200B9497008D11AC /* CreateReminderViewModel.swift */ = {isa = PBXFileReference; lastKnownFileType = sourcecode.swift; path = CreateReminderViewModel.swift; sourceTree = "<group>"; };
		57BEDB4D200B9549008D11AC /* CreateReminderViewModelProtocol.swift */ = {isa = PBXFileReference; lastKnownFileType = sourcecode.swift; path = CreateReminderViewModelProtocol.swift; sourceTree = "<group>"; };
/* End PBXFileReference section */

/* Begin PBXFrameworksBuildPhase section */
		5724C4181FFA71C200BB0FD4 /* Frameworks */ = {
			isa = PBXFrameworksBuildPhase;
			buildActionMask = 2147483647;
			files = (
			);
			runOnlyForDeploymentPostprocessing = 0;
		};
/* End PBXFrameworksBuildPhase section */

/* Begin PBXGroup section */
		5724C4121FFA71C200BB0FD4 = {
			isa = PBXGroup;
			children = (
				5724C41D1FFA71C200BB0FD4 /* RemindMe */,
				5724C41C1FFA71C200BB0FD4 /* Products */,
			);
			sourceTree = "<group>";
		};
		5724C41C1FFA71C200BB0FD4 /* Products */ = {
			isa = PBXGroup;
			children = (
				5724C41B1FFA71C200BB0FD4 /* RemindMe.app */,
			);
			name = Products;
			sourceTree = "<group>";
		};
		5724C41D1FFA71C200BB0FD4 /* RemindMe */ = {
			isa = PBXGroup;
			children = (
				572C03D41FFBB19500D27846 /* Support */,
				5724C4551FFA73B300BB0FD4 /* Resource */,
				5724C4491FFA73A000BB0FD4 /* Screens */,
				5724C4521FFA73B300BB0FD4 /* Main */,
			);
			path = RemindMe;
			sourceTree = "<group>";
		};
		5724C4491FFA73A000BB0FD4 /* Screens */ = {
			isa = PBXGroup;
			children = (
				5745F5CC20265B7100D1C9AE /* ChooseDate */,
				577BDEDD20263CD7008EC3FC /* ChooseDaysOfWeek */,
				57B303BE201E3C2E00DC40B6 /* RemindSettings */,
				57B7D00C200B74A600DEA24A /* CreateReminder */,
				5724C45A1FFA7BCE00BB0FD4 /* Reminders */,
				5724C44A1FFA73A000BB0FD4 /* LaunchScreen.storyboard */,
			);
			path = Screens;
			sourceTree = "<group>";
		};
		5724C4521FFA73B300BB0FD4 /* Main */ = {
			isa = PBXGroup;
			children = (
				5724C4531FFA73B300BB0FD4 /* AppDelegate.swift */,
				5724C4541FFA73B300BB0FD4 /* Info.plist */,
			);
			path = Main;
			sourceTree = "<group>";
		};
		5724C4551FFA73B300BB0FD4 /* Resource */ = {
			isa = PBXGroup;
			children = (
				5724C4561FFA73B300BB0FD4 /* Assets.xcassets */,
			);
			path = Resource;
			sourceTree = "<group>";
		};
		5724C45A1FFA7BCE00BB0FD4 /* Reminders */ = {
			isa = PBXGroup;
			children = (
				5724C44C1FFA73A000BB0FD4 /* Main.storyboard */,
				5724C44E1FFA73A000BB0FD4 /* RemindersViewController.swift */,
				5724C45B1FFA7C1300BB0FD4 /* ReminderView.xib */,
				5724C45D1FFA7C2600BB0FD4 /* ReminderView.swift */,
			);
			path = Reminders;
			sourceTree = "<group>";
		};
		572C03D41FFBB19500D27846 /* Support */ = {
			isa = PBXGroup;
			children = (
				572C03D51FFBB1B300D27846 /* UIView+utils.swift */,
				5745F5CA2026438100D1C9AE /* UIViewController+utils.swift */,
			);
			path = Support;
			sourceTree = "<group>";
		};
		5745F5CC20265B7100D1C9AE /* ChooseDate */ = {
			isa = PBXGroup;
			children = (
				5745F5CE20265B7100D1C9AE /* ChooseDateViewController.swift */,
				5745F5CD20265B7100D1C9AE /* ChooseDateViewController.storyboard */,
			);
			path = ChooseDate;
			sourceTree = "<group>";
		};
		577BDEDD20263CD7008EC3FC /* ChooseDaysOfWeek */ = {
			isa = PBXGroup;
			children = (
				577BDEDE20263D33008EC3FC /* ChooseDayOfWeekViewController.swift */,
				577BDEE020263D42008EC3FC /* ChooseDayOfWeekViewController.storyboard */,
			);
			path = ChooseDaysOfWeek;
			sourceTree = "<group>";
		};
		57B303BE201E3C2E00DC40B6 /* RemindSettings */ = {
			isa = PBXGroup;
			children = (
				57B303BF201E3C6400DC40B6 /* RemindSettingsViewController.swift */,
				57B303C1201E3CB400DC40B6 /* RemindSettingsViewController.storyboard */,
			);
			path = RemindSettings;
			sourceTree = "<group>";
		};
		57B7D00C200B74A600DEA24A /* CreateReminder */ = {
			isa = PBXGroup;
			children = (
				57BEDB4D200B9549008D11AC /* CreateReminderViewModelProtocol.swift */,
				57BEDB4B200B9497008D11AC /* CreateReminderViewModel.swift */,
				57B7D00D200B74E000DEA24A /* CreateReminderViewController.swift */,
				57B7D00F200B758500DEA24A /* CreateReminderViewController.storyboard */,
			);
			path = CreateReminder;
			sourceTree = "<group>";
		};
/* End PBXGroup section */

/* Begin PBXNativeTarget section */
		5724C41A1FFA71C200BB0FD4 /* RemindMe */ = {
			isa = PBXNativeTarget;
			buildConfigurationList = 5724C42D1FFA71C300BB0FD4 /* Build configuration list for PBXNativeTarget "RemindMe" */;
			buildPhases = (
				5724C4171FFA71C200BB0FD4 /* Sources */,
				5724C4181FFA71C200BB0FD4 /* Frameworks */,
				5724C4191FFA71C200BB0FD4 /* Resources */,
			);
			buildRules = (
			);
			dependencies = (
			);
			name = RemindMe;
			productName = RemindMe;
			productReference = 5724C41B1FFA71C200BB0FD4 /* RemindMe.app */;
			productType = "com.apple.product-type.application";
		};
/* End PBXNativeTarget section */

/* Begin PBXProject section */
		5724C4131FFA71C200BB0FD4 /* Project object */ = {
			isa = PBXProject;
			attributes = {
				LastSwiftUpdateCheck = 0920;
				LastUpgradeCheck = 0920;
				ORGANIZATIONNAME = "Pavel Kubitski";
				TargetAttributes = {
					5724C41A1FFA71C200BB0FD4 = {
						CreatedOnToolsVersion = 9.2;
						ProvisioningStyle = Automatic;
					};
				};
			};
			buildConfigurationList = 5724C4161FFA71C200BB0FD4 /* Build configuration list for PBXProject "RemindMe" */;
			compatibilityVersion = "Xcode 8.0";
			developmentRegion = en;
			hasScannedForEncodings = 0;
			knownRegions = (
				en,
				Base,
			);
			mainGroup = 5724C4121FFA71C200BB0FD4;
			productRefGroup = 5724C41C1FFA71C200BB0FD4 /* Products */;
			projectDirPath = "";
			projectRoot = "";
			targets = (
				5724C41A1FFA71C200BB0FD4 /* RemindMe */,
			);
		};
/* End PBXProject section */

/* Begin PBXResourcesBuildPhase section */
		5724C4191FFA71C200BB0FD4 /* Resources */ = {
			isa = PBXResourcesBuildPhase;
			buildActionMask = 2147483647;
			files = (
				5724C45C1FFA7C1300BB0FD4 /* ReminderView.xib in Resources */,
				57B303C2201E3CB400DC40B6 /* RemindSettingsViewController.storyboard in Resources */,
				57B7D010200B758500DEA24A /* CreateReminderViewController.storyboard in Resources */,
				577BDEE120263D42008EC3FC /* ChooseDayOfWeekViewController.storyboard in Resources */,
				5724C44F1FFA73A000BB0FD4 /* LaunchScreen.storyboard in Resources */,
				5724C4501FFA73A000BB0FD4 /* Main.storyboard in Resources */,
				5745F5CF20265B7100D1C9AE /* ChooseDateViewController.storyboard in Resources */,
				5724C4591FFA73B300BB0FD4 /* Assets.xcassets in Resources */,
				5724C4581FFA73B300BB0FD4 /* Info.plist in Resources */,
			);
			runOnlyForDeploymentPostprocessing = 0;
		};
/* End PBXResourcesBuildPhase section */

/* Begin PBXSourcesBuildPhase section */
		5724C4171FFA71C200BB0FD4 /* Sources */ = {
			isa = PBXSourcesBuildPhase;
			buildActionMask = 2147483647;
			files = (
				57BEDB4E200B9549008D11AC /* CreateReminderViewModelProtocol.swift in Sources */,
				5724C4571FFA73B300BB0FD4 /* AppDelegate.swift in Sources */,
				57B7D00E200B74E000DEA24A /* CreateReminderViewController.swift in Sources */,
				57BEDB4C200B9497008D11AC /* CreateReminderViewModel.swift in Sources */,
				57B303C0201E3C6400DC40B6 /* RemindSettingsViewController.swift in Sources */,
				5724C4511FFA73A000BB0FD4 /* RemindersViewController.swift in Sources */,
				572C03D61FFBB1B300D27846 /* UIView+utils.swift in Sources */,
				5724C45E1FFA7C2600BB0FD4 /* ReminderView.swift in Sources */,
				5745F5CB2026438100D1C9AE /* UIViewController+utils.swift in Sources */,
				5745F5D020265B7100D1C9AE /* ChooseDateViewController.swift in Sources */,
				577BDEDF20263D33008EC3FC /* ChooseDayOfWeekViewController.swift in Sources */,
			);
			runOnlyForDeploymentPostprocessing = 0;
		};
/* End PBXSourcesBuildPhase section */

/* Begin PBXVariantGroup section */
		5724C44A1FFA73A000BB0FD4 /* LaunchScreen.storyboard */ = {
			isa = PBXVariantGroup;
			children = (
				5724C44B1FFA73A000BB0FD4 /* Base */,
			);
			name = LaunchScreen.storyboard;
			sourceTree = "<group>";
		};
		5724C44C1FFA73A000BB0FD4 /* Main.storyboard */ = {
			isa = PBXVariantGroup;
			children = (
				5724C44D1FFA73A000BB0FD4 /* Base */,
			);
			name = Main.storyboard;
			sourceTree = "<group>";
		};
/* End PBXVariantGroup section */

/* Begin XCBuildConfiguration section */
		5724C42B1FFA71C300BB0FD4 /* Debug */ = {
			isa = XCBuildConfiguration;
			buildSettings = {
				ALWAYS_SEARCH_USER_PATHS = NO;
				CLANG_ANALYZER_NONNULL = YES;
				CLANG_ANALYZER_NUMBER_OBJECT_CONVERSION = YES_AGGRESSIVE;
				CLANG_CXX_LANGUAGE_STANDARD = "gnu++14";
				CLANG_CXX_LIBRARY = "libc++";
				CLANG_ENABLE_MODULES = YES;
				CLANG_ENABLE_OBJC_ARC = YES;
				CLANG_WARN_BLOCK_CAPTURE_AUTORELEASING = YES;
				CLANG_WARN_BOOL_CONVERSION = YES;
				CLANG_WARN_COMMA = YES;
				CLANG_WARN_CONSTANT_CONVERSION = YES;
				CLANG_WARN_DIRECT_OBJC_ISA_USAGE = YES_ERROR;
				CLANG_WARN_DOCUMENTATION_COMMENTS = YES;
				CLANG_WARN_EMPTY_BODY = YES;
				CLANG_WARN_ENUM_CONVERSION = YES;
				CLANG_WARN_INFINITE_RECURSION = YES;
				CLANG_WARN_INT_CONVERSION = YES;
				CLANG_WARN_NON_LITERAL_NULL_CONVERSION = YES;
				CLANG_WARN_OBJC_LITERAL_CONVERSION = YES;
				CLANG_WARN_OBJC_ROOT_CLASS = YES_ERROR;
				CLANG_WARN_RANGE_LOOP_ANALYSIS = YES;
				CLANG_WARN_STRICT_PROTOTYPES = YES;
				CLANG_WARN_SUSPICIOUS_MOVE = YES;
				CLANG_WARN_UNGUARDED_AVAILABILITY = YES_AGGRESSIVE;
				CLANG_WARN_UNREACHABLE_CODE = YES;
				CLANG_WARN__DUPLICATE_METHOD_MATCH = YES;
				CODE_SIGN_IDENTITY = "iPhone Developer";
				COPY_PHASE_STRIP = NO;
				DEBUG_INFORMATION_FORMAT = dwarf;
				ENABLE_STRICT_OBJC_MSGSEND = YES;
				ENABLE_TESTABILITY = YES;
				GCC_C_LANGUAGE_STANDARD = gnu11;
				GCC_DYNAMIC_NO_PIC = NO;
				GCC_NO_COMMON_BLOCKS = YES;
				GCC_OPTIMIZATION_LEVEL = 0;
				GCC_PREPROCESSOR_DEFINITIONS = (
					"DEBUG=1",
					"$(inherited)",
				);
				GCC_WARN_64_TO_32_BIT_CONVERSION = YES;
				GCC_WARN_ABOUT_RETURN_TYPE = YES_ERROR;
				GCC_WARN_UNDECLARED_SELECTOR = YES;
				GCC_WARN_UNINITIALIZED_AUTOS = YES_AGGRESSIVE;
				GCC_WARN_UNUSED_FUNCTION = YES;
				GCC_WARN_UNUSED_VARIABLE = YES;
				IPHONEOS_DEPLOYMENT_TARGET = 11.2;
				MTL_ENABLE_DEBUG_INFO = YES;
				ONLY_ACTIVE_ARCH = YES;
				SDKROOT = iphoneos;
				SWIFT_ACTIVE_COMPILATION_CONDITIONS = DEBUG;
				SWIFT_OPTIMIZATION_LEVEL = "-Onone";
			};
			name = Debug;
		};
		5724C42C1FFA71C300BB0FD4 /* Release */ = {
			isa = XCBuildConfiguration;
			buildSettings = {
				ALWAYS_SEARCH_USER_PATHS = NO;
				CLANG_ANALYZER_NONNULL = YES;
				CLANG_ANALYZER_NUMBER_OBJECT_CONVERSION = YES_AGGRESSIVE;
				CLANG_CXX_LANGUAGE_STANDARD = "gnu++14";
				CLANG_CXX_LIBRARY = "libc++";
				CLANG_ENABLE_MODULES = YES;
				CLANG_ENABLE_OBJC_ARC = YES;
				CLANG_WARN_BLOCK_CAPTURE_AUTORELEASING = YES;
				CLANG_WARN_BOOL_CONVERSION = YES;
				CLANG_WARN_COMMA = YES;
				CLANG_WARN_CONSTANT_CONVERSION = YES;
				CLANG_WARN_DIRECT_OBJC_ISA_USAGE = YES_ERROR;
				CLANG_WARN_DOCUMENTATION_COMMENTS = YES;
				CLANG_WARN_EMPTY_BODY = YES;
				CLANG_WARN_ENUM_CONVERSION = YES;
				CLANG_WARN_INFINITE_RECURSION = YES;
				CLANG_WARN_INT_CONVERSION = YES;
				CLANG_WARN_NON_LITERAL_NULL_CONVERSION = YES;
				CLANG_WARN_OBJC_LITERAL_CONVERSION = YES;
				CLANG_WARN_OBJC_ROOT_CLASS = YES_ERROR;
				CLANG_WARN_RANGE_LOOP_ANALYSIS = YES;
				CLANG_WARN_STRICT_PROTOTYPES = YES;
				CLANG_WARN_SUSPICIOUS_MOVE = YES;
				CLANG_WARN_UNGUARDED_AVAILABILITY = YES_AGGRESSIVE;
				CLANG_WARN_UNREACHABLE_CODE = YES;
				CLANG_WARN__DUPLICATE_METHOD_MATCH = YES;
				CODE_SIGN_IDENTITY = "iPhone Developer";
				COPY_PHASE_STRIP = NO;
				DEBUG_INFORMATION_FORMAT = "dwarf-with-dsym";
				ENABLE_NS_ASSERTIONS = NO;
				ENABLE_STRICT_OBJC_MSGSEND = YES;
				GCC_C_LANGUAGE_STANDARD = gnu11;
				GCC_NO_COMMON_BLOCKS = YES;
				GCC_WARN_64_TO_32_BIT_CONVERSION = YES;
				GCC_WARN_ABOUT_RETURN_TYPE = YES_ERROR;
				GCC_WARN_UNDECLARED_SELECTOR = YES;
				GCC_WARN_UNINITIALIZED_AUTOS = YES_AGGRESSIVE;
				GCC_WARN_UNUSED_FUNCTION = YES;
				GCC_WARN_UNUSED_VARIABLE = YES;
				IPHONEOS_DEPLOYMENT_TARGET = 11.2;
				MTL_ENABLE_DEBUG_INFO = NO;
				SDKROOT = iphoneos;
				SWIFT_OPTIMIZATION_LEVEL = "-Owholemodule";
				VALIDATE_PRODUCT = YES;
			};
			name = Release;
		};
		5724C42E1FFA71C300BB0FD4 /* Debug */ = {
			isa = XCBuildConfiguration;
			buildSettings = {
				ASSETCATALOG_COMPILER_APPICON_NAME = AppIcon;
				CODE_SIGN_STYLE = Automatic;
				INFOPLIST_FILE = RemindMe/Main/Info.plist;
				LD_RUNPATH_SEARCH_PATHS = "$(inherited) @executable_path/Frameworks";
				PRODUCT_BUNDLE_IDENTIFIER = KPO.RemindMe;
				PRODUCT_NAME = "$(TARGET_NAME)";
				SWIFT_VERSION = 4.0;
				TARGETED_DEVICE_FAMILY = "1,2";
			};
			name = Debug;
		};
		5724C42F1FFA71C300BB0FD4 /* Release */ = {
			isa = XCBuildConfiguration;
			buildSettings = {
				ASSETCATALOG_COMPILER_APPICON_NAME = AppIcon;
				CODE_SIGN_STYLE = Automatic;
				INFOPLIST_FILE = RemindMe/Main/Info.plist;
				LD_RUNPATH_SEARCH_PATHS = "$(inherited) @executable_path/Frameworks";
				PRODUCT_BUNDLE_IDENTIFIER = KPO.RemindMe;
				PRODUCT_NAME = "$(TARGET_NAME)";
				SWIFT_VERSION = 4.0;
				TARGETED_DEVICE_FAMILY = "1,2";
			};
			name = Release;
		};
/* End XCBuildConfiguration section */

/* Begin XCConfigurationList section */
		5724C4161FFA71C200BB0FD4 /* Build configuration list for PBXProject "RemindMe" */ = {
			isa = XCConfigurationList;
			buildConfigurations = (
				5724C42B1FFA71C300BB0FD4 /* Debug */,
				5724C42C1FFA71C300BB0FD4 /* Release */,
			);
			defaultConfigurationIsVisible = 0;
			defaultConfigurationName = Release;
		};
		5724C42D1FFA71C300BB0FD4 /* Build configuration list for PBXNativeTarget "RemindMe" */ = {
			isa = XCConfigurationList;
			buildConfigurations = (
				5724C42E1FFA71C300BB0FD4 /* Debug */,
				5724C42F1FFA71C300BB0FD4 /* Release */,
			);
			defaultConfigurationIsVisible = 0;
			defaultConfigurationName = Release;
		};
/* End XCConfigurationList section */
	};
	rootObject = 5724C4131FFA71C200BB0FD4 /* Project object */;
}
